// !$*UTF8*$!
{
	archiveVersion = 1;
	classes = {
	};
	objectVersion = 46;
	objects = {

/* Begin PBXBuildFile section */
		D22D20401E4242C600842D26 /* main.m in Sources */ = {isa = PBXBuildFile; fileRef = D22D203F1E4242C600842D26 /* main.m */; };
		D22D20431E4242C600842D26 /* AppDelegate.m in Sources */ = {isa = PBXBuildFile; fileRef = D22D20421E4242C600842D26 /* AppDelegate.m */; };
		D22D20461E4242C600842D26 /* ViewController.m in Sources */ = {isa = PBXBuildFile; fileRef = D22D20451E4242C600842D26 /* ViewController.m */; };
		D22D20491E4242C600842D26 /* Main.storyboard in Resources */ = {isa = PBXBuildFile; fileRef = D22D20471E4242C600842D26 /* Main.storyboard */; };
		D22D204B1E4242C600842D26 /* Assets.xcassets in Resources */ = {isa = PBXBuildFile; fileRef = D22D204A1E4242C600842D26 /* Assets.xcassets */; };
		D22D204E1E4242C600842D26 /* LaunchScreen.storyboard in Resources */ = {isa = PBXBuildFile; fileRef = D22D204C1E4242C600842D26 /* LaunchScreen.storyboard */; };
		D22D20591E4242C600842D26 /* TestGitHubProjectTests.m in Sources */ = {isa = PBXBuildFile; fileRef = D22D20581E4242C600842D26 /* TestGitHubProjectTests.m */; };
		D22D20641E4242C600842D26 /* TestGitHubProjectUITests.m in Sources */ = {isa = PBXBuildFile; fileRef = D22D20631E4242C600842D26 /* TestGitHubProjectUITests.m */; };
/* End PBXBuildFile section */

/* Begin PBXContainerItemProxy section */
		D22D20551E4242C600842D26 /* PBXContainerItemProxy */ = {
			isa = PBXContainerItemProxy;
			containerPortal = D22D20331E4242C500842D26 /* Project object */;
			proxyType = 1;
			remoteGlobalIDString = D22D203A1E4242C500842D26;
			remoteInfo = TestGitHubProject;
		};
		D22D20601E4242C600842D26 /* PBXContainerItemProxy */ = {
			isa = PBXContainerItemProxy;
			containerPortal = D22D20331E4242C500842D26 /* Project object */;
			proxyType = 1;
			remoteGlobalIDString = D22D203A1E4242C500842D26;
			remoteInfo = TestGitHubProject;
		};
/* End PBXContainerItemProxy section */

/* Begin PBXFileReference section */
		D22D203B1E4242C600842D26 /* TestGitHubProject.app */ = {isa = PBXFileReference; explicitFileType = wrapper.application; includeInIndex = 0; path = TestGitHubProject.app; sourceTree = BUILT_PRODUCTS_DIR; };
		D22D203F1E4242C600842D26 /* main.m */ = {isa = PBXFileReference; lastKnownFileType = sourcecode.c.objc; path = main.m; sourceTree = "<group>"; };
		D22D20411E4242C600842D26 /* AppDelegate.h */ = {isa = PBXFileReference; lastKnownFileType = sourcecode.c.h; path = AppDelegate.h; sourceTree = "<group>"; };
		D22D20421E4242C600842D26 /* AppDelegate.m */ = {isa = PBXFileReference; lastKnownFileType = sourcecode.c.objc; path = AppDelegate.m; sourceTree = "<group>"; };
		D22D20441E4242C600842D26 /* ViewController.h */ = {isa = PBXFileReference; lastKnownFileType = sourcecode.c.h; path = ViewController.h; sourceTree = "<group>"; };
		D22D20451E4242C600842D26 /* ViewController.m */ = {isa = PBXFileReference; lastKnownFileType = sourcecode.c.objc; path = ViewController.m; sourceTree = "<group>"; };
		D22D20481E4242C600842D26 /* Base */ = {isa = PBXFileReference; lastKnownFileType = file.storyboard; name = Base; path = Base.lproj/Main.storyboard; sourceTree = "<group>"; };
		D22D204A1E4242C600842D26 /* Assets.xcassets */ = {isa = PBXFileReference; lastKnownFileType = folder.assetcatalog; path = Assets.xcassets; sourceTree = "<group>"; };
		D22D204D1E4242C600842D26 /* Base */ = {isa = PBXFileReference; lastKnownFileType = file.storyboard; name = Base; path = Base.lproj/LaunchScreen.storyboard; sourceTree = "<group>"; };
		D22D204F1E4242C600842D26 /* Info.plist */ = {isa = PBXFileReference; lastKnownFileType = text.plist.xml; path = Info.plist; sourceTree = "<group>"; };
		D22D20541E4242C600842D26 /* TestGitHubProjectTests.xctest */ = {isa = PBXFileReference; explicitFileType = wrapper.cfbundle; includeInIndex = 0; path = TestGitHubProjectTests.xctest; sourceTree = BUILT_PRODUCTS_DIR; };
		D22D20581E4242C600842D26 /* TestGitHubProjectTests.m */ = {isa = PBXFileReference; lastKnownFileType = sourcecode.c.objc; path = TestGitHubProjectTests.m; sourceTree = "<group>"; };
		D22D205A1E4242C600842D26 /* Info.plist */ = {isa = PBXFileReference; lastKnownFileType = text.plist.xml; path = Info.plist; sourceTree = "<group>"; };
		D22D205F1E4242C600842D26 /* TestGitHubProjectUITests.xctest */ = {isa = PBXFileReference; explicitFileType = wrapper.cfbundle; includeInIndex = 0; path = TestGitHubProjectUITests.xctest; sourceTree = BUILT_PRODUCTS_DIR; };
		D22D20631E4242C600842D26 /* TestGitHubProjectUITests.m */ = {isa = PBXFileReference; lastKnownFileType = sourcecode.c.objc; path = TestGitHubProjectUITests.m; sourceTree = "<group>"; };
		D22D20651E4242C600842D26 /* Info.plist */ = {isa = PBXFileReference; lastKnownFileType = text.plist.xml; path = Info.plist; sourceTree = "<group>"; };
/* End PBXFileReference section */

/* Begin PBXFrameworksBuildPhase section */
		D22D20381E4242C500842D26 /* Frameworks */ = {
			isa = PBXFrameworksBuildPhase;
			buildActionMask = 2147483647;
			files = (
			);
			runOnlyForDeploymentPostprocessing = 0;
		};
		D22D20511E4242C600842D26 /* Frameworks */ = {
			isa = PBXFrameworksBuildPhase;
			buildActionMask = 2147483647;
			files = (
			);
			runOnlyForDeploymentPostprocessing = 0;
		};
		D22D205C1E4242C600842D26 /* Frameworks */ = {
			isa = PBXFrameworksBuildPhase;
			buildActionMask = 2147483647;
			files = (
			);
			runOnlyForDeploymentPostprocessing = 0;
		};
/* End PBXFrameworksBuildPhase section */

/* Begin PBXGroup section */
		D22D20321E4242C500842D26 = {
			isa = PBXGroup;
			children = (
				D22D203D1E4242C600842D26 /* TestGitHubProject */,
				D22D20571E4242C600842D26 /* TestGitHubProjectTests */,
				D22D20621E4242C600842D26 /* TestGitHubProjectUITests */,
				D22D203C1E4242C600842D26 /* Products */,
			);
			sourceTree = "<group>";
		};
		D22D203C1E4242C600842D26 /* Products */ = {
			isa = PBXGroup;
			children = (
				D22D203B1E4242C600842D26 /* TestGitHubProject.app */,
				D22D20541E4242C600842D26 /* TestGitHubProjectTests.xctest */,
				D22D205F1E4242C600842D26 /* TestGitHubProjectUITests.xctest */,
			);
			name = Products;
			sourceTree = "<group>";
		};
		D22D203D1E4242C600842D26 /* TestGitHubProject */ = {
			isa = PBXGroup;
			children = (
				D22D20411E4242C600842D26 /* AppDelegate.h */,
				D22D20421E4242C600842D26 /* AppDelegate.m */,
				D22D20441E4242C600842D26 /* ViewController.h */,
				D22D20451E4242C600842D26 /* ViewController.m */,
				D22D20471E4242C600842D26 /* Main.storyboard */,
				D22D204A1E4242C600842D26 /* Assets.xcassets */,
				D22D204C1E4242C600842D26 /* LaunchScreen.storyboard */,
				D22D204F1E4242C600842D26 /* Info.plist */,
				D22D203E1E4242C600842D26 /* Supporting Files */,
			);
			path = TestGitHubProject;
			sourceTree = "<group>";
		};
		D22D203E1E4242C600842D26 /* Supporting Files */ = {
			isa = PBXGroup;
			children = (
				D22D203F1E4242C600842D26 /* main.m */,
			);
			name = "Supporting Files";
			sourceTree = "<group>";
		};
		D22D20571E4242C600842D26 /* TestGitHubProjectTests */ = {
			isa = PBXGroup;
			children = (
				D22D20581E4242C600842D26 /* TestGitHubProjectTests.m */,
				D22D205A1E4242C600842D26 /* Info.plist */,
			);
			path = TestGitHubProjectTests;
			sourceTree = "<group>";
		};
		D22D20621E4242C600842D26 /* TestGitHubProjectUITests */ = {
			isa = PBXGroup;
			children = (
				D22D20631E4242C600842D26 /* TestGitHubProjectUITests.m */,
				D22D20651E4242C600842D26 /* Info.plist */,
			);
			path = TestGitHubProjectUITests;
			sourceTree = "<group>";
		};
/* End PBXGroup section */

/* Begin PBXNativeTarget section */
		D22D203A1E4242C500842D26 /* TestGitHubProject */ = {
			isa = PBXNativeTarget;
			buildConfigurationList = D22D20681E4242C600842D26 /* Build configuration list for PBXNativeTarget "TestGitHubProject" */;
			buildPhases = (
				D22D20371E4242C500842D26 /* Sources */,
				D22D20381E4242C500842D26 /* Frameworks */,
				D22D20391E4242C500842D26 /* Resources */,
			);
			buildRules = (
			);
			dependencies = (
			);
			name = TestGitHubProject;
			productName = TestGitHubProject;
			productReference = D22D203B1E4242C600842D26 /* TestGitHubProject.app */;
			productType = "com.apple.product-type.application";
		};
		D22D20531E4242C600842D26 /* TestGitHubProjectTests */ = {
			isa = PBXNativeTarget;
			buildConfigurationList = D22D206B1E4242C600842D26 /* Build configuration list for PBXNativeTarget "TestGitHubProjectTests" */;
			buildPhases = (
				D22D20501E4242C600842D26 /* Sources */,
				D22D20511E4242C600842D26 /* Frameworks */,
				D22D20521E4242C600842D26 /* Resources */,
			);
			buildRules = (
			);
			dependencies = (
				D22D20561E4242C600842D26 /* PBXTargetDependency */,
			);
			name = TestGitHubProjectTests;
			productName = TestGitHubProjectTests;
			productReference = D22D20541E4242C600842D26 /* TestGitHubProjectTests.xctest */;
			productType = "com.apple.product-type.bundle.unit-test";
		};
		D22D205E1E4242C600842D26 /* TestGitHubProjectUITests */ = {
			isa = PBXNativeTarget;
			buildConfigurationList = D22D206E1E4242C600842D26 /* Build configuration list for PBXNativeTarget "TestGitHubProjectUITests" */;
			buildPhases = (
				D22D205B1E4242C600842D26 /* Sources */,
				D22D205C1E4242C600842D26 /* Frameworks */,
				D22D205D1E4242C600842D26 /* Resources */,
			);
			buildRules = (
			);
			dependencies = (
				D22D20611E4242C600842D26 /* PBXTargetDependency */,
			);
			name = TestGitHubProjectUITests;
			productName = TestGitHubProjectUITests;
			productReference = D22D205F1E4242C600842D26 /* TestGitHubProjectUITests.xctest */;
			productType = "com.apple.product-type.bundle.ui-testing";
		};
/* End PBXNativeTarget section */

/* Begin PBXProject section */
		D22D20331E4242C500842D26 /* Project object */ = {
			isa = PBXProject;
			attributes = {
				LastUpgradeCheck = 0800;
				ORGANIZATIONNAME = "Nguyen Hieu Trung";
				TargetAttributes = {
					D22D203A1E4242C500842D26 = {
						CreatedOnToolsVersion = 8.0;
						DevelopmentTeam = 6V946CDD8G;
						ProvisioningStyle = Automatic;
					};
					D22D20531E4242C600842D26 = {
						CreatedOnToolsVersion = 8.0;
						DevelopmentTeam = 6V946CDD8G;
						ProvisioningStyle = Automatic;
						TestTargetID = D22D203A1E4242C500842D26;
					};
					D22D205E1E4242C600842D26 = {
						CreatedOnToolsVersion = 8.0;
						DevelopmentTeam = 6V946CDD8G;
						ProvisioningStyle = Automatic;
						TestTargetID = D22D203A1E4242C500842D26;
					};
				};
			};
			buildConfigurationList = D22D20361E4242C500842D26 /* Build configuration list for PBXProject "TestGitHubProject" */;
			compatibilityVersion = "Xcode 3.2";
			developmentRegion = English;
			hasScannedForEncodings = 0;
			knownRegions = (
				en,
				Base,
			);
			mainGroup = D22D20321E4242C500842D26;
			productRefGroup = D22D203C1E4242C600842D26 /* Products */;
			projectDirPath = "";
			projectRoot = "";
			targets = (
				D22D203A1E4242C500842D26 /* TestGitHubProject */,
				D22D20531E4242C600842D26 /* TestGitHubProjectTests */,
				D22D205E1E4242C600842D26 /* TestGitHubProjectUITests */,
			);
		};
/* End PBXProject section */

/* Begin PBXResourcesBuildPhase section */
		D22D20391E4242C500842D26 /* Resources */ = {
			isa = PBXResourcesBuildPhase;
			buildActionMask = 2147483647;
			files = (
				D22D204E1E4242C600842D26 /* LaunchScreen.storyboard in Resources */,
				D22D204B1E4242C600842D26 /* Assets.xcassets in Resources */,
				D22D20491E4242C600842D26 /* Main.storyboard in Resources */,
			);
			runOnlyForDeploymentPostprocessing = 0;
		};
		D22D20521E4242C600842D26 /* Resources */ = {
			isa = PBXResourcesBuildPhase;
			buildActionMask = 2147483647;
			files = (
			);
			runOnlyForDeploymentPostprocessing = 0;
		};
		D22D205D1E4242C600842D26 /* Resources */ = {
			isa = PBXResourcesBuildPhase;
			buildActionMask = 2147483647;
			files = (
			);
			runOnlyForDeploymentPostprocessing = 0;
		};
/* End PBXResourcesBuildPhase section */

/* Begin PBXSourcesBuildPhase section */
		D22D20371E4242C500842D26 /* Sources */ = {
			isa = PBXSourcesBuildPhase;
			buildActionMask = 2147483647;
			files = (
				D22D20461E4242C600842D26 /* ViewController.m in Sources */,
				D22D20431E4242C600842D26 /* AppDelegate.m in Sources */,
				D22D20401E4242C600842D26 /* main.m in Sources */,
			);
			runOnlyForDeploymentPostprocessing = 0;
		};
		D22D20501E4242C600842D26 /* Sources */ = {
			isa = PBXSourcesBuildPhase;
			buildActionMask = 2147483647;
			files = (
				D22D20591E4242C600842D26 /* TestGitHubProjectTests.m in Sources */,
			);
			runOnlyForDeploymentPostprocessing = 0;
		};
		D22D205B1E4242C600842D26 /* Sources */ = {
			isa = PBXSourcesBuildPhase;
			buildActionMask = 2147483647;
			files = (
				D22D20641E4242C600842D26 /* TestGitHubProjectUITests.m in Sources */,
			);
			runOnlyForDeploymentPostprocessing = 0;
		};
/* End PBXSourcesBuildPhase section */

/* Begin PBXTargetDependency section */
		D22D20561E4242C600842D26 /* PBXTargetDependency */ = {
			isa = PBXTargetDependency;
			target = D22D203A1E4242C500842D26 /* TestGitHubProject */;
			targetProxy = D22D20551E4242C600842D26 /* PBXContainerItemProxy */;
		};
		D22D20611E4242C600842D26 /* PBXTargetDependency */ = {
			isa = PBXTargetDependency;
			target = D22D203A1E4242C500842D26 /* TestGitHubProject */;
			targetProxy = D22D20601E4242C600842D26 /* PBXContainerItemProxy */;
		};
/* End PBXTargetDependency section */

/* Begin PBXVariantGroup section */
		D22D20471E4242C600842D26 /* Main.storyboard */ = {
			isa = PBXVariantGroup;
			children = (
				D22D20481E4242C600842D26 /* Base */,
			);
			name = Main.storyboard;
			sourceTree = "<group>";
		};
		D22D204C1E4242C600842D26 /* LaunchScreen.storyboard */ = {
			isa = PBXVariantGroup;
			children = (
				D22D204D1E4242C600842D26 /* Base */,
			);
			name = LaunchScreen.storyboard;
			sourceTree = "<group>";
		};
/* End PBXVariantGroup section */

/* Begin XCBuildConfiguration section */
		D22D20661E4242C600842D26 /* Debug */ = {
			isa = XCBuildConfiguration;
			buildSettings = {
				ALWAYS_SEARCH_USER_PATHS = NO;
				CLANG_ANALYZER_NONNULL = YES;
				CLANG_CXX_LANGUAGE_STANDARD = "gnu++0x";
				CLANG_CXX_LIBRARY = "libc++";
				CLANG_ENABLE_MODULES = YES;
				CLANG_ENABLE_OBJC_ARC = YES;
				CLANG_WARN_BOOL_CONVERSION = YES;
				CLANG_WARN_CONSTANT_CONVERSION = YES;
				CLANG_WARN_DIRECT_OBJC_ISA_USAGE = YES_ERROR;
				CLANG_WARN_DOCUMENTATION_COMMENTS = YES;
				CLANG_WARN_EMPTY_BODY = YES;
				CLANG_WARN_ENUM_CONVERSION = YES;
				CLANG_WARN_INFINITE_RECURSION = YES;
				CLANG_WARN_INT_CONVERSION = YES;
				CLANG_WARN_OBJC_ROOT_CLASS = YES_ERROR;
				CLANG_WARN_SUSPICIOUS_MOVES = YES;
				CLANG_WARN_UNREACHABLE_CODE = YES;
				CLANG_WARN__DUPLICATE_METHOD_MATCH = YES;
				"CODE_SIGN_IDENTITY[sdk=iphoneos*]" = "iPhone Developer";
				COPY_PHASE_STRIP = NO;
				DEBUG_INFORMATION_FORMAT = dwarf;
				ENABLE_STRICT_OBJC_MSGSEND = YES;
				ENABLE_TESTABILITY = YES;
				GCC_C_LANGUAGE_STANDARD = gnu99;
				GCC_DYNAMIC_NO_PIC = NO;
				GCC_NO_COMMON_BLOCKS = YES;
				GCC_OPTIMIZATION_LEVEL = 0;
				GCC_PREPROCESSOR_DEFINITIONS = (
					"DEBUG=1",
					"$(inherited)",
				);
				GCC_WARN_64_TO_32_BIT_CONVERSION = YES;
				GCC_WARN_ABOUT_RETURN_TYPE = YES_ERROR;
				GCC_WARN_UNDECLARED_SELECTOR = YES;
				GCC_WARN_UNINITIALIZED_AUTOS = YES_AGGRESSIVE;
				GCC_WARN_UNUSED_FUNCTION = YES;
				GCC_WARN_UNUSED_VARIABLE = YES;
				IPHONEOS_DEPLOYMENT_TARGET = 10.0;
				MTL_ENABLE_DEBUG_INFO = YES;
				ONLY_ACTIVE_ARCH = YES;
				SDKROOT = iphoneos;
			};
			name = Debug;
		};
		D22D20671E4242C600842D26 /* Release */ = {
			isa = XCBuildConfiguration;
			buildSettings = {
				ALWAYS_SEARCH_USER_PATHS = NO;
				CLANG_ANALYZER_NONNULL = YES;
				CLANG_CXX_LANGUAGE_STANDARD = "gnu++0x";
				CLANG_CXX_LIBRARY = "libc++";
				CLANG_ENABLE_MODULES = YES;
				CLANG_ENABLE_OBJC_ARC = YES;
				CLANG_WARN_BOOL_CONVERSION = YES;
				CLANG_WARN_CONSTANT_CONVERSION = YES;
				CLANG_WARN_DIRECT_OBJC_ISA_USAGE = YES_ERROR;
				CLANG_WARN_DOCUMENTATION_COMMENTS = YES;
				CLANG_WARN_EMPTY_BODY = YES;
				CLANG_WARN_ENUM_CONVERSION = YES;
				CLANG_WARN_INFINITE_RECURSION = YES;
				CLANG_WARN_INT_CONVERSION = YES;
				CLANG_WARN_OBJC_ROOT_CLASS = YES_ERROR;
				CLANG_WARN_SUSPICIOUS_MOVES = YES;
				CLANG_WARN_UNREACHABLE_CODE = YES;
				CLANG_WARN__DUPLICATE_METHOD_MATCH = YES;
				"CODE_SIGN_IDENTITY[sdk=iphoneos*]" = "iPhone Developer";
				COPY_PHASE_STRIP = NO;
				DEBUG_INFORMATION_FORMAT = "dwarf-with-dsym";
				ENABLE_NS_ASSERTIONS = NO;
				ENABLE_STRICT_OBJC_MSGSEND = YES;
				GCC_C_LANGUAGE_STANDARD = gnu99;
				GCC_NO_COMMON_BLOCKS = YES;
				GCC_WARN_64_TO_32_BIT_CONVERSION = YES;
				GCC_WARN_ABOUT_RETURN_TYPE = YES_ERROR;
				GCC_WARN_UNDECLARED_SELECTOR = YES;
				GCC_WARN_UNINITIALIZED_AUTOS = YES_AGGRESSIVE;
				GCC_WARN_UNUSED_FUNCTION = YES;
				GCC_WARN_UNUSED_VARIABLE = YES;
				IPHONEOS_DEPLOYMENT_TARGET = 10.0;
				MTL_ENABLE_DEBUG_INFO = NO;
				SDKROOT = iphoneos;
				VALIDATE_PRODUCT = YES;
			};
			name = Release;
		};
		D22D20691E4242C600842D26 /* Debug */ = {
			isa = XCBuildConfiguration;
			buildSettings = {
				ASSETCATALOG_COMPILER_APPICON_NAME = AppIcon;
				DEVELOPMENT_TEAM = 6V946CDD8G;
				INFOPLIST_FILE = TestGitHubProject/Info.plist;
				LD_RUNPATH_SEARCH_PATHS = "$(inherited) @executable_path/Frameworks";
				PRODUCT_BUNDLE_IDENTIFIER = com.NHT.TestGitHubProject;
				PRODUCT_NAME = "$(TARGET_NAME)";
			};
			name = Debug;
		};
		D22D206A1E4242C600842D26 /* Release */ = {
			isa = XCBuildConfiguration;
			buildSettings = {
				ASSETCATALOG_COMPILER_APPICON_NAME = AppIcon;
				DEVELOPMENT_TEAM = 6V946CDD8G;
				INFOPLIST_FILE = TestGitHubProject/Info.plist;
				LD_RUNPATH_SEARCH_PATHS = "$(inherited) @executable_path/Frameworks";
				PRODUCT_BUNDLE_IDENTIFIER = com.NHT.TestGitHubProject;
				PRODUCT_NAME = "$(TARGET_NAME)";
			};
			name = Release;
		};
		D22D206C1E4242C600842D26 /* Debug */ = {
			isa = XCBuildConfiguration;
			buildSettings = {
				BUNDLE_LOADER = "$(TEST_HOST)";
				DEVELOPMENT_TEAM = 6V946CDD8G;
				INFOPLIST_FILE = TestGitHubProjectTests/Info.plist;
				LD_RUNPATH_SEARCH_PATHS = "$(inherited) @executable_path/Frameworks @loader_path/Frameworks";
				PRODUCT_BUNDLE_IDENTIFIER = com.NHT.TestGitHubProjectTests;
				PRODUCT_NAME = "$(TARGET_NAME)";
				TEST_HOST = "$(BUILT_PRODUCTS_DIR)/TestGitHubProject.app/TestGitHubProject";
			};
			name = Debug;
		};
		D22D206D1E4242C600842D26 /* Release */ = {
			isa = XCBuildConfiguration;
			buildSettings = {
				BUNDLE_LOADER = "$(TEST_HOST)";
				DEVELOPMENT_TEAM = 6V946CDD8G;
				INFOPLIST_FILE = TestGitHubProjectTests/Info.plist;
				LD_RUNPATH_SEARCH_PATHS = "$(inherited) @executable_path/Frameworks @loader_path/Frameworks";
				PRODUCT_BUNDLE_IDENTIFIER = com.NHT.TestGitHubProjectTests;
				PRODUCT_NAME = "$(TARGET_NAME)";
				TEST_HOST = "$(BUILT_PRODUCTS_DIR)/TestGitHubProject.app/TestGitHubProject";
			};
			name = Release;
		};
		D22D206F1E4242C600842D26 /* Debug */ = {
			isa = XCBuildConfiguration;
			buildSettings = {
				DEVELOPMENT_TEAM = 6V946CDD8G;
				INFOPLIST_FILE = TestGitHubProjectUITests/Info.plist;
				LD_RUNPATH_SEARCH_PATHS = "$(inherited) @executable_path/Frameworks @loader_path/Frameworks";
				PRODUCT_BUNDLE_IDENTIFIER = com.NHT.TestGitHubProjectUITests;
				PRODUCT_NAME = "$(TARGET_NAME)";
				TEST_TARGET_NAME = TestGitHubProject;
			};
			name = Debug;
		};
		D22D20701E4242C600842D26 /* Release */ = {
			isa = XCBuildConfiguration;
			buildSettings = {
				DEVELOPMENT_TEAM = 6V946CDD8G;
				INFOPLIST_FILE = TestGitHubProjectUITests/Info.plist;
				LD_RUNPATH_SEARCH_PATHS = "$(inherited) @executable_path/Frameworks @loader_path/Frameworks";
				PRODUCT_BUNDLE_IDENTIFIER = com.NHT.TestGitHubProjectUITests;
				PRODUCT_NAME = "$(TARGET_NAME)";
				TEST_TARGET_NAME = TestGitHubProject;
			};
			name = Release;
		};
/* End XCBuildConfiguration section */

/* Begin XCConfigurationList section */
		D22D20361E4242C500842D26 /* Build configuration list for PBXProject "TestGitHubProject" */ = {
			isa = XCConfigurationList;
			buildConfigurations = (
				D22D20661E4242C600842D26 /* Debug */,
				D22D20671E4242C600842D26 /* Release */,
			);
			defaultConfigurationIsVisible = 0;
			defaultConfigurationName = Release;
		};
		D22D20681E4242C600842D26 /* Build configuration list for PBXNativeTarget "TestGitHubProject" */ = {
			isa = XCConfigurationList;
			buildConfigurations = (
				D22D20691E4242C600842D26 /* Debug */,
				D22D206A1E4242C600842D26 /* Release */,
			);
			defaultConfigurationIsVisible = 0;
		};
		D22D206B1E4242C600842D26 /* Build configuration list for PBXNativeTarget "TestGitHubProjectTests" */ = {
			isa = XCConfigurationList;
			buildConfigurations = (
				D22D206C1E4242C600842D26 /* Debug */,
				D22D206D1E4242C600842D26 /* Release */,
			);
			defaultConfigurationIsVisible = 0;
		};
		D22D206E1E4242C600842D26 /* Build configuration list for PBXNativeTarget "TestGitHubProjectUITests" */ = {
			isa = XCConfigurationList;
			buildConfigurations = (
				D22D206F1E4242C600842D26 /* Debug */,
				D22D20701E4242C600842D26 /* Release */,
			);
			defaultConfigurationIsVisible = 0;
		};
/* End XCConfigurationList section */
	};
	rootObject = D22D20331E4242C500842D26 /* Project object */;
}
